
Microsoft Visual Studio Solution File, Format Version 12.00
# Visual Studio 14
VisualStudioVersion = 14.0.25420.1
MinimumVisualStudioVersion = 10.0.40219.1
Project("{FAE04EC0-301F-11D3-BF4B-00C04F79EFBC}") = "PowerLib.System", "PowerLib.System\PowerLib.System.csproj", "{34D71A5D-1F7C-4A23-8404-5956FA32730A}"
EndProject
Project("{FAE04EC0-301F-11D3-BF4B-00C04F79EFBC}") = "PowerLib.EntityFramework", "PowerLib.EntityFramework\PowerLib.EntityFramework.csproj", "{B1487936-7EBF-4BCC-9C60-33150B74C35F}"
EndProject
Project("{FAE04EC0-301F-11D3-BF4B-00C04F79EFBC}") = "PowerLib.System.Data.Linq", "PowerLib.System.Data.Linq\PowerLib.System.Data.Linq.csproj", "{B677DFBD-2B2A-4980-93B9-0DDCEEE0054F}"
EndProject
Project("{FAE04EC0-301F-11D3-BF4B-00C04F79EFBC}") = "PowerLib.SqlClr.Deploy", "PowerLib.SqlClr.Deploy\PowerLib.SqlClr.Deploy.csproj", "{29F0236A-67BF-4A4A-8846-92502681EF6F}"
EndProject
Project("{FAE04EC0-301F-11D3-BF4B-00C04F79EFBC}") = "PowerLib.SqlClr.Deploy.Utility", "PowerLib.SqlClr.Deploy.Utility\PowerLib.SqlClr.Deploy.Utility.csproj", "{EDD7C997-1060-466B-B9AD-D5B4FDA8553E}"
EndProject
Project("{FAE04EC0-301F-11D3-BF4B-00C04F79EFBC}") = "PowerLib.SqlServer", "PowerLib.SqlServer\PowerLib.SqlServer.csproj", "{55E02315-DC3F-443B-852E-621AC515FC21}"
EndProject
Project("{FAE04EC0-301F-11D3-BF4B-00C04F79EFBC}") = "PowerLib.System.Data", "PowerLib.System.Data\PowerLib.System.Data.csproj", "{45B90168-C6DE-4FF8-939B-3D933995905E}"
EndProject
Project("{2150E333-8FDC-42A3-9474-1A3956D46DE8}") = "Solution Items", "Solution Items", "{EBC7C8BE-1950-40C1-9F79-64F0E4F00631}"
	ProjectSection(SolutionItems) = preProject
		MIT-LICENSE.txt = MIT-LICENSE.txt
		powerlib.snk = powerlib.snk
		README.md = README.md
	EndProjectSection
EndProject
Project("{FAE04EC0-301F-11D3-BF4B-00C04F79EFBC}") = "PowerLib.System.Data.SqlTypes", "PowerLib.System.Data.SqlTypes\PowerLib.System.Data.SqlTypes.csproj", "{4237BD48-1F96-4586-873B-095D6CC53943}"
EndProject
Project("{FAE04EC0-301F-11D3-BF4B-00C04F79EFBC}") = "PowerLib.System.ComponentModel.DataAnnotations", "PowerLib.System.ComponentModel.DataAnnotations\PowerLib.System.ComponentModel.DataAnnotations.csproj", "{615C5CDA-2907-4355-A728-2B7CD1B63C92}"
EndProject
Global
	GlobalSection(SolutionConfigurationPlatforms) = preSolution
		Debug|Any CPU = Debug|Any CPU
		Release|Any CPU = Release|Any CPU
	EndGlobalSection
	GlobalSection(ProjectConfigurationPlatforms) = postSolution
		{34D71A5D-1F7C-4A23-8404-5956FA32730A}.Debug|Any CPU.ActiveCfg = Debug|Any CPU
		{34D71A5D-1F7C-4A23-8404-5956FA32730A}.Debug|Any CPU.Build.0 = Debug|Any CPU
		{34D71A5D-1F7C-4A23-8404-5956FA32730A}.Release|Any CPU.ActiveCfg = Release|Any CPU
		{34D71A5D-1F7C-4A23-8404-5956FA32730A}.Release|Any CPU.Build.0 = Release|Any CPU
		{B1487936-7EBF-4BCC-9C60-33150B74C35F}.Debug|Any CPU.ActiveCfg = Debug|Any CPU
		{B1487936-7EBF-4BCC-9C60-33150B74C35F}.Debug|Any CPU.Build.0 = Debug|Any CPU
		{B1487936-7EBF-4BCC-9C60-33150B74C35F}.Release|Any CPU.ActiveCfg = Release|Any CPU
		{B1487936-7EBF-4BCC-9C60-33150B74C35F}.Release|Any CPU.Build.0 = Release|Any CPU
		{B677DFBD-2B2A-4980-93B9-0DDCEEE0054F}.Debug|Any CPU.ActiveCfg = Debug|Any CPU
		{B677DFBD-2B2A-4980-93B9-0DDCEEE0054F}.Debug|Any CPU.Build.0 = Debug|Any CPU
		{B677DFBD-2B2A-4980-93B9-0DDCEEE0054F}.Release|Any CPU.ActiveCfg = Release|Any CPU
		{B677DFBD-2B2A-4980-93B9-0DDCEEE0054F}.Release|Any CPU.Build.0 = Release|Any CPU
		{29F0236A-67BF-4A4A-8846-92502681EF6F}.Debug|Any CPU.ActiveCfg = Debug|Any CPU
		{29F0236A-67BF-4A4A-8846-92502681EF6F}.Debug|Any CPU.Build.0 = Debug|Any CPU
		{29F0236A-67BF-4A4A-8846-92502681EF6F}.Release|Any CPU.ActiveCfg = Release|Any CPU
		{29F0236A-67BF-4A4A-8846-92502681EF6F}.Release|Any CPU.Build.0 = Release|Any CPU
		{EDD7C997-1060-466B-B9AD-D5B4FDA8553E}.Debug|Any CPU.ActiveCfg = Debug|Any CPU
		{EDD7C997-1060-466B-B9AD-D5B4FDA8553E}.Debug|Any CPU.Build.0 = Debug|Any CPU
		{EDD7C997-1060-466B-B9AD-D5B4FDA8553E}.Release|Any CPU.ActiveCfg = Release|Any CPU
		{EDD7C997-1060-466B-B9AD-D5B4FDA8553E}.Release|Any CPU.Build.0 = Release|Any CPU
		{55E02315-DC3F-443B-852E-621AC515FC21}.Debug|Any CPU.ActiveCfg = Debug|Any CPU
		{55E02315-DC3F-443B-852E-621AC515FC21}.Debug|Any CPU.Build.0 = Debug|Any CPU
		{55E02315-DC3F-443B-852E-621AC515FC21}.Release|Any CPU.ActiveCfg = Release|Any CPU
		{55E02315-DC3F-443B-852E-621AC515FC21}.Release|Any CPU.Build.0 = Release|Any CPU
		{45B90168-C6DE-4FF8-939B-3D933995905E}.Debug|Any CPU.ActiveCfg = Debug|Any CPU
		{45B90168-C6DE-4FF8-939B-3D933995905E}.Debug|Any CPU.Build.0 = Debug|Any CPU
		{45B90168-C6DE-4FF8-939B-3D933995905E}.Release|Any CPU.ActiveCfg = Release|Any CPU
		{45B90168-C6DE-4FF8-939B-3D933995905E}.Release|Any CPU.Build.0 = Release|Any CPU
		{4237BD48-1F96-4586-873B-095D6CC53943}.Debug|Any CPU.ActiveCfg = Debug|Any CPU
		{4237BD48-1F96-4586-873B-095D6CC53943}.Debug|Any CPU.Build.0 = Debug|Any CPU
		{4237BD48-1F96-4586-873B-095D6CC53943}.Release|Any CPU.ActiveCfg = Release|Any CPU
		{4237BD48-1F96-4586-873B-095D6CC53943}.Release|Any CPU.Build.0 = Release|Any CPU
		{615C5CDA-2907-4355-A728-2B7CD1B63C92}.Debug|Any CPU.ActiveCfg = Debug|Any CPU
		{615C5CDA-2907-4355-A728-2B7CD1B63C92}.Debug|Any CPU.Build.0 = Debug|Any CPU
		{615C5CDA-2907-4355-A728-2B7CD1B63C92}.Release|Any CPU.ActiveCfg = Release|Any CPU
		{615C5CDA-2907-4355-A728-2B7CD1B63C92}.Release|Any CPU.Build.0 = Release|Any CPU
	EndGlobalSection
	GlobalSection(SolutionProperties) = preSolution
		HideSolutionNode = FALSE
	EndGlobalSection
EndGlobal
